
Microsoft Visual Studio Solution File, Format Version 12.00
# Visual Studio Version 16
VisualStudioVersion = 16.0.31727.386
MinimumVisualStudioVersion = 10.0.40219.1
Project("{2150E333-8FDC-42A3-9474-1A3956D46DE8}") = "Presentation", "Presentation", "{3146A28B-746B-4696-B22D-B163BFDED71B}"
EndProject
Project("{FAE04EC0-301F-11D3-BF4B-00C04F79EFBC}") = "CryptoPanopticon.Logic", "CryptoPanopticon.Logic\CryptoPanopticon.Logic.csproj", "{A4AC3A2B-E7F0-46D5-8805-5ADEE70FFF2E}"
EndProject
Project("{FAE04EC0-301F-11D3-BF4B-00C04F79EFBC}") = "CryptoPanopticon.Data", "CryptoPanopticon.Data\CryptoPanopticon.Data.csproj", "{421F918E-2E27-46FE-9105-1BD5AE636F86}"
EndProject
Project("{FAE04EC0-301F-11D3-BF4B-00C04F79EFBC}") = "CryptoPanopticon.Server", "CryptoPanopticon\Server\CryptoPanopticon.Server.csproj", "{EEC40847-B7D1-4178-93C2-D0749E1A1D23}"
EndProject
Project("{FAE04EC0-301F-11D3-BF4B-00C04F79EFBC}") = "CryptoPanopticon.Client", "CryptoPanopticon\Client\CryptoPanopticon.Client.csproj", "{C367BDB2-5FF1-4FE4-B9C1-2CC0BFD72DE2}"
EndProject
Project("{FAE04EC0-301F-11D3-BF4B-00C04F79EFBC}") = "CryptoPanopticon.Shared", "CryptoPanopticon\Shared\CryptoPanopticon.Shared.csproj", "{20B38852-9AF2-4A69-9025-D3B87F46E586}"
EndProject
Global
	GlobalSection(SolutionConfigurationPlatforms) = preSolution
		Debug|Any CPU = Debug|Any CPU
		Release|Any CPU = Release|Any CPU
	EndGlobalSection
	GlobalSection(ProjectConfigurationPlatforms) = postSolution
		{A4AC3A2B-E7F0-46D5-8805-5ADEE70FFF2E}.Debug|Any CPU.ActiveCfg = Debug|Any CPU
		{A4AC3A2B-E7F0-46D5-8805-5ADEE70FFF2E}.Debug|Any CPU.Build.0 = Debug|Any CPU
		{A4AC3A2B-E7F0-46D5-8805-5ADEE70FFF2E}.Release|Any CPU.ActiveCfg = Release|Any CPU
		{A4AC3A2B-E7F0-46D5-8805-5ADEE70FFF2E}.Release|Any CPU.Build.0 = Release|Any CPU
		{421F918E-2E27-46FE-9105-1BD5AE636F86}.Debug|Any CPU.ActiveCfg = Debug|Any CPU
		{421F918E-2E27-46FE-9105-1BD5AE636F86}.Debug|Any CPU.Build.0 = Debug|Any CPU
		{421F918E-2E27-46FE-9105-1BD5AE636F86}.Release|Any CPU.ActiveCfg = Release|Any CPU
		{421F918E-2E27-46FE-9105-1BD5AE636F86}.Release|Any CPU.Build.0 = Release|Any CPU
		{EEC40847-B7D1-4178-93C2-D0749E1A1D23}.Debug|Any CPU.ActiveCfg = Debug|Any CPU
		{EEC40847-B7D1-4178-93C2-D0749E1A1D23}.Debug|Any CPU.Build.0 = Debug|Any CPU
		{EEC40847-B7D1-4178-93C2-D0749E1A1D23}.Release|Any CPU.ActiveCfg = Release|Any CPU
		{EEC40847-B7D1-4178-93C2-D0749E1A1D23}.Release|Any CPU.Build.0 = Release|Any CPU
		{C367BDB2-5FF1-4FE4-B9C1-2CC0BFD72DE2}.Debug|Any CPU.ActiveCfg = Debug|Any CPU
		{C367BDB2-5FF1-4FE4-B9C1-2CC0BFD72DE2}.Debug|Any CPU.Build.0 = Debug|Any CPU
		{C367BDB2-5FF1-4FE4-B9C1-2CC0BFD72DE2}.Release|Any CPU.ActiveCfg = Release|Any CPU
		{C367BDB2-5FF1-4FE4-B9C1-2CC0BFD72DE2}.Release|Any CPU.Build.0 = Release|Any CPU
		{20B38852-9AF2-4A69-9025-D3B87F46E586}.Debug|Any CPU.ActiveCfg = Debug|Any CPU
		{20B38852-9AF2-4A69-9025-D3B87F46E586}.Debug|Any CPU.Build.0 = Debug|Any CPU
		{20B38852-9AF2-4A69-9025-D3B87F46E586}.Release|Any CPU.ActiveCfg = Release|Any CPU
		{20B38852-9AF2-4A69-9025-D3B87F46E586}.Release|Any CPU.Build.0 = Release|Any CPU
	EndGlobalSection
	GlobalSection(SolutionProperties) = preSolution
		HideSolutionNode = FALSE
	EndGlobalSection
	GlobalSection(NestedProjects) = preSolution
		{EEC40847-B7D1-4178-93C2-D0749E1A1D23} = {3146A28B-746B-4696-B22D-B163BFDED71B}
		{C367BDB2-5FF1-4FE4-B9C1-2CC0BFD72DE2} = {3146A28B-746B-4696-B22D-B163BFDED71B}
		{20B38852-9AF2-4A69-9025-D3B87F46E586} = {3146A28B-746B-4696-B22D-B163BFDED71B}
	EndGlobalSection
	GlobalSection(ExtensibilityGlobals) = postSolution
		SolutionGuid = {4EEBFEB5-820E-4FF4-A166-46292F0A4969}
	EndGlobalSection
EndGlobal
